Microsoft Visual Studio Solution File, Format Version 12.00
# Visual Studio Version 16
VisualStudioVersion = 16.0.28803.202
MinimumVisualStudioVersion = 10.0.40219.1
Project("{FAE04EC0-301F-11D3-BF4B-00C04F79EFBC}") = "FastModeMod", "FastModeMod\FastModeMod.csproj", "{FF9011A6-FD08-45B5-AB3E-195C9C804AF8}"
EndProject
Project("{FAE04EC0-301F-11D3-BF4B-00C04F79EFBC}") = "SpeedControlMod", "SpeedControlMod\SpeedControlMod.csproj", "{77E7922A-306F-45E5-B572-FCDB9BA99374}"
EndProject
Project("{FAE04EC0-301F-11D3-BF4B-00C04F79EFBC}") = "ONI-Common", "ONI-Common\ONI-Common.csproj", "{1208647D-C8C2-48DB-BF29-60C6F3E2B016}"
EndProject
Project("{FAE04EC0-301F-11D3-BF4B-00C04F79EFBC}") = "CustomWorldMod", "CustomWorldMod\CustomWorldMod.csproj", "{0D05225C-C127-40DA-9D80-F1BA481B7616}"
EndProject
Project("{2150E333-8FDC-42A3-9474-1A3956D46DE8}") = "Mods", "Mods", "{0263B9CC-A5D0-433C-82D2-20AAD99BAE40}"
EndProject
Project("{2150E333-8FDC-42A3-9474-1A3956D46DE8}") = "01_Working", "01_Working", "{8E4312B0-3AE8-42CB-A2ED-CB8E39B39CD4}"
EndProject
Project("{2150E333-8FDC-42A3-9474-1A3956D46DE8}") = "09_Untested", "09_Untested", "{3DDC5DF0-0321-41EA-B556-022CEE509815}"
EndProject
Project("{2150E333-8FDC-42A3-9474-1A3956D46DE8}") = "10_Experimental", "10_Experimental", "{F23F1C19-7F80-41CC-86F7-F720C6D3C43B}"
EndProject
Project("{FAE04EC0-301F-11D3-BF4B-00C04F79EFBC}") = "InstantResearchMod", "InstantResearchMod\InstantResearchMod.csproj", "{8268151B-2A54-4539-8CC2-85F0494AA04A}"
EndProject
Project("{FAE04EC0-301F-11D3-BF4B-00C04F79EFBC}") = "InverseElectrolyzerMod", "InverseElectrolyzerMod\InverseElectrolyzerMod.csproj", "{66B47D3F-2308-4E0B-A1E7-57386711F1F5}"
EndProject
Project("{2150E333-8FDC-42A3-9474-1A3956D46DE8}") = "11_Outdated", "11_Outdated", "{05AEF266-9A07-41B4-83C5-FC6632B27A0E}"
EndProject
Project("{FAE04EC0-301F-11D3-BF4B-00C04F79EFBC}") = "BuildableAETNMod", "BuildableAETNMod\BuildableAETNMod.csproj", "{DB33F126-AECD-4E02-9F1F-1E4B08DC27C4}"
EndProject
Project("{FAE04EC0-301F-11D3-BF4B-00C04F79EFBC}") = "FluidWarpMod", "FluidWarpMod\FluidWarpMod.csproj", "{74B7B353-BB3E-4EE1-9035-7357D5472D39}"
EndProject
Project("{FAE04EC0-301F-11D3-BF4B-00C04F79EFBC}") = "RoomSize", "RoomSizeMod\RoomSize.csproj", "{7D13E2D1-D400-4A50-8AFA-147EAF5375C1}"
EndProject
Project("{FAE04EC0-301F-11D3-BF4B-00C04F79EFBC}") = "NoFixedTempMod", "NoFixedTempMod\NoFixedTempMod.csproj", "{510A0A56-2D15-49B8-9932-BA232DC1F231}"
EndProject
Project("{FAE04EC0-301F-11D3-BF4B-00C04F79EFBC}") = "FluidPhysicsMod", "FluidPhysicsMod\FluidPhysicsMod.csproj", "{F4D08C87-B8C2-481F-9728-CE0D342EC2CE}"
EndProject
Project("{FAE04EC0-301F-11D3-BF4B-00C04F79EFBC}") = "SuperMinerMod", "SuperMinerMod\SuperMinerMod.csproj", "{4BF8EC3F-EB0C-4FC7-B2F5-458E91F63E96}"
EndProject
Project("{FAE04EC0-301F-11D3-BF4B-00C04F79EFBC}") = "BuildingModifier", "BuildingModifierMod\BuildingModifier.csproj", "{AE64BD07-9B27-4E16-9767-DD7894F70806}"
EndProject
Project("{FAE04EC0-301F-11D3-BF4B-00C04F79EFBC}") = "NoDamage", "NoDamageMod\NoDamage.csproj", "{480FFA2E-7673-4A3E-994A-DC401B812D95}"
EndProject
Project("{FAE04EC0-301F-11D3-BF4B-00C04F79EFBC}") = "ZeroPointModuleMod", "ZeroPointModuleMod\ZeroPointModuleMod.csproj", "{1F1220E9-0CBD-4776-A9FA-31941CE63FA0}"
EndProject
Project("{FAE04EC0-301F-11D3-BF4B-00C04F79EFBC}") = "WorldGenReloaded", "WorldGenReloadedMod\WorldGenReloaded.csproj", "{F648211E-4AFE-44B3-8A5E-B89D57CF34A7}"
EndProject
Project("{FAE04EC0-301F-11D3-BF4B-00C04F79EFBC}") = "Patches", "Patches\Patches.csproj", "{0A8D7289-BF9D-4110-B512-7DD528DC7EDE}"
EndProject
Project("{FAE04EC0-301F-11D3-BF4B-00C04F79EFBC}") = "BuildOverFacilities", "BuildOverFacilities\BuildOverFacilities.csproj", "{651ACC28-7A4C-41DB-8BAB-16830D4713BD}"
EndProject
Project("{FAE04EC0-301F-11D3-BF4B-00C04F79EFBC}") = "MoreTraits", "MoreTraits\MoreTraits.csproj", "{65A73428-C608-4033-B1D6-C7B27508C103}"
EndProject
Project("{FAE04EC0-301F-11D3-BF4B-00C04F79EFBC}") = "TimeLapser", "TimeLapser\TimeLapser.csproj", "{42523CE4-D03C-4710-82DA-C84B447A1C79}"
EndProject
Global
	GlobalSection(SolutionConfigurationPlatforms) = preSolution
		Debug|Any CPU = Debug|Any CPU
		Debug|x86 = Debug|x86
		Release|Any CPU = Release|Any CPU
		Release|x86 = Release|x86
	EndGlobalSection
	GlobalSection(ProjectConfigurationPlatforms) = postSolution
		{FF9011A6-FD08-45B5-AB3E-195C9C804AF8}.Debug|Any CPU.ActiveCfg = Debug|Any CPU
		{FF9011A6-FD08-45B5-AB3E-195C9C804AF8}.Debug|Any CPU.Build.0 = Debug|Any CPU
		{FF9011A6-FD08-45B5-AB3E-195C9C804AF8}.Debug|x86.ActiveCfg = Debug|Any CPU
		{FF9011A6-FD08-45B5-AB3E-195C9C804AF8}.Debug|x86.Build.0 = Debug|Any CPU
		{FF9011A6-FD08-45B5-AB3E-195C9C804AF8}.Release|Any CPU.ActiveCfg = Release|Any CPU
		{FF9011A6-FD08-45B5-AB3E-195C9C804AF8}.Release|Any CPU.Build.0 = Release|Any CPU
		{FF9011A6-FD08-45B5-AB3E-195C9C804AF8}.Release|x86.ActiveCfg = Release|Any CPU
		{FF9011A6-FD08-45B5-AB3E-195C9C804AF8}.Release|x86.Build.0 = Release|Any CPU
		{77E7922A-306F-45E5-B572-FCDB9BA99374}.Debug|Any CPU.ActiveCfg = Debug|Any CPU
		{77E7922A-306F-45E5-B572-FCDB9BA99374}.Debug|Any CPU.Build.0 = Debug|Any CPU
		{77E7922A-306F-45E5-B572-FCDB9BA99374}.Debug|x86.ActiveCfg = Debug|Any CPU
		{77E7922A-306F-45E5-B572-FCDB9BA99374}.Debug|x86.Build.0 = Debug|Any CPU
		{77E7922A-306F-45E5-B572-FCDB9BA99374}.Release|Any CPU.ActiveCfg = Release|Any CPU
		{77E7922A-306F-45E5-B572-FCDB9BA99374}.Release|Any CPU.Build.0 = Release|Any CPU
		{77E7922A-306F-45E5-B572-FCDB9BA99374}.Release|x86.ActiveCfg = Release|Any CPU
		{77E7922A-306F-45E5-B572-FCDB9BA99374}.Release|x86.Build.0 = Release|Any CPU
		{1208647D-C8C2-48DB-BF29-60C6F3E2B016}.Debug|Any CPU.ActiveCfg = Patching|Any CPU
		{1208647D-C8C2-48DB-BF29-60C6F3E2B016}.Debug|Any CPU.Build.0 = Patching|Any CPU
		{1208647D-C8C2-48DB-BF29-60C6F3E2B016}.Debug|x86.ActiveCfg = Release|Any CPU
		{1208647D-C8C2-48DB-BF29-60C6F3E2B016}.Debug|x86.Build.0 = Release|Any CPU
		{1208647D-C8C2-48DB-BF29-60C6F3E2B016}.Release|Any CPU.ActiveCfg = Release|Any CPU
		{1208647D-C8C2-48DB-BF29-60C6F3E2B016}.Release|Any CPU.Build.0 = Release|Any CPU
		{1208647D-C8C2-48DB-BF29-60C6F3E2B016}.Release|x86.ActiveCfg = Release|Any CPU
		{1208647D-C8C2-48DB-BF29-60C6F3E2B016}.Release|x86.Build.0 = Release|Any CPU
		{0D05225C-C127-40DA-9D80-F1BA481B7616}.Debug|Any CPU.ActiveCfg = Debug|Any CPU
		{0D05225C-C127-40DA-9D80-F1BA481B7616}.Debug|Any CPU.Build.0 = Debug|Any CPU
		{0D05225C-C127-40DA-9D80-F1BA481B7616}.Debug|x86.ActiveCfg = Debug|Any CPU
		{0D05225C-C127-40DA-9D80-F1BA481B7616}.Debug|x86.Build.0 = Debug|Any CPU
		{0D05225C-C127-40DA-9D80-F1BA481B7616}.Release|Any CPU.ActiveCfg = Release|Any CPU
		{0D05225C-C127-40DA-9D80-F1BA481B7616}.Release|Any CPU.Build.0 = Release|Any CPU
		{0D05225C-C127-40DA-9D80-F1BA481B7616}.Release|x86.ActiveCfg = Release|Any CPU
		{0D05225C-C127-40DA-9D80-F1BA481B7616}.Release|x86.Build.0 = Release|Any CPU
		{8268151B-2A54-4539-8CC2-85F0494AA04A}.Debug|Any CPU.ActiveCfg = Debug|Any CPU
		{8268151B-2A54-4539-8CC2-85F0494AA04A}.Debug|Any CPU.Build.0 = Debug|Any CPU
		{8268151B-2A54-4539-8CC2-85F0494AA04A}.Debug|x86.ActiveCfg = Debug|Any CPU
		{8268151B-2A54-4539-8CC2-85F0494AA04A}.Debug|x86.Build.0 = Debug|Any CPU
		{8268151B-2A54-4539-8CC2-85F0494AA04A}.Release|Any CPU.ActiveCfg = Release|Any CPU
		{8268151B-2A54-4539-8CC2-85F0494AA04A}.Release|Any CPU.Build.0 = Release|Any CPU
		{8268151B-2A54-4539-8CC2-85F0494AA04A}.Release|x86.ActiveCfg = Release|Any CPU
		{8268151B-2A54-4539-8CC2-85F0494AA04A}.Release|x86.Build.0 = Release|Any CPU
		{66B47D3F-2308-4E0B-A1E7-57386711F1F5}.Debug|Any CPU.ActiveCfg = Debug|Any CPU
		{66B47D3F-2308-4E0B-A1E7-57386711F1F5}.Debug|Any CPU.Build.0 = Debug|Any CPU
		{66B47D3F-2308-4E0B-A1E7-57386711F1F5}.Debug|x86.ActiveCfg = Debug|Any CPU
		{66B47D3F-2308-4E0B-A1E7-57386711F1F5}.Debug|x86.Build.0 = Debug|Any CPU
		{66B47D3F-2308-4E0B-A1E7-57386711F1F5}.Release|Any CPU.ActiveCfg = Release|Any CPU
		{66B47D3F-2308-4E0B-A1E7-57386711F1F5}.Release|Any CPU.Build.0 = Release|Any CPU
		{66B47D3F-2308-4E0B-A1E7-57386711F1F5}.Release|x86.ActiveCfg = Release|Any CPU
		{66B47D3F-2308-4E0B-A1E7-57386711F1F5}.Release|x86.Build.0 = Release|Any CPU
		{DB33F126-AECD-4E02-9F1F-1E4B08DC27C4}.Debug|Any CPU.ActiveCfg = Debug|Any CPU
		{DB33F126-AECD-4E02-9F1F-1E4B08DC27C4}.Debug|Any CPU.Build.0 = Debug|Any CPU
		{DB33F126-AECD-4E02-9F1F-1E4B08DC27C4}.Debug|x86.ActiveCfg = Debug|Any CPU
		{DB33F126-AECD-4E02-9F1F-1E4B08DC27C4}.Debug|x86.Build.0 = Debug|Any CPU
		{DB33F126-AECD-4E02-9F1F-1E4B08DC27C4}.Release|Any CPU.ActiveCfg = Release|Any CPU
		{DB33F126-AECD-4E02-9F1F-1E4B08DC27C4}.Release|Any CPU.Build.0 = Release|Any CPU
		{DB33F126-AECD-4E02-9F1F-1E4B08DC27C4}.Release|x86.ActiveCfg = Release|Any CPU
		{DB33F126-AECD-4E02-9F1F-1E4B08DC27C4}.Release|x86.Build.0 = Release|Any CPU
		{74B7B353-BB3E-4EE1-9035-7357D5472D39}.Debug|Any CPU.ActiveCfg = Debug|Any CPU
		{74B7B353-BB3E-4EE1-9035-7357D5472D39}.Debug|Any CPU.Build.0 = Debug|Any CPU
		{74B7B353-BB3E-4EE1-9035-7357D5472D39}.Debug|x86.ActiveCfg = Debug|Any CPU
		{74B7B353-BB3E-4EE1-9035-7357D5472D39}.Debug|x86.Build.0 = Debug|Any CPU
		{74B7B353-BB3E-4EE1-9035-7357D5472D39}.Release|Any CPU.ActiveCfg = Release|Any CPU
		{74B7B353-BB3E-4EE1-9035-7357D5472D39}.Release|Any CPU.Build.0 = Release|Any CPU
		{74B7B353-BB3E-4EE1-9035-7357D5472D39}.Release|x86.ActiveCfg = Release|Any CPU
		{74B7B353-BB3E-4EE1-9035-7357D5472D39}.Release|x86.Build.0 = Release|Any CPU
		{7D13E2D1-D400-4A50-8AFA-147EAF5375C1}.Debug|Any CPU.ActiveCfg = Debug|Any CPU
		{7D13E2D1-D400-4A50-8AFA-147EAF5375C1}.Debug|Any CPU.Build.0 = Debug|Any CPU
		{7D13E2D1-D400-4A50-8AFA-147EAF5375C1}.Debug|x86.ActiveCfg = Debug|Any CPU
		{7D13E2D1-D400-4A50-8AFA-147EAF5375C1}.Debug|x86.Build.0 = Debug|Any CPU
		{7D13E2D1-D400-4A50-8AFA-147EAF5375C1}.Release|Any CPU.ActiveCfg = Release|Any CPU
		{7D13E2D1-D400-4A50-8AFA-147EAF5375C1}.Release|Any CPU.Build.0 = Release|Any CPU
		{7D13E2D1-D400-4A50-8AFA-147EAF5375C1}.Release|x86.ActiveCfg = Release|Any CPU
		{7D13E2D1-D400-4A50-8AFA-147EAF5375C1}.Release|x86.Build.0 = Release|Any CPU
		{510A0A56-2D15-49B8-9932-BA232DC1F231}.Debug|Any CPU.ActiveCfg = Debug|Any CPU
		{510A0A56-2D15-49B8-9932-BA232DC1F231}.Debug|Any CPU.Build.0 = Debug|Any CPU
		{510A0A56-2D15-49B8-9932-BA232DC1F231}.Debug|x86.ActiveCfg = Debug|Any CPU
		{510A0A56-2D15-49B8-9932-BA232DC1F231}.Debug|x86.Build.0 = Debug|Any CPU
		{510A0A56-2D15-49B8-9932-BA232DC1F231}.Release|Any CPU.ActiveCfg = Release|Any CPU
		{510A0A56-2D15-49B8-9932-BA232DC1F231}.Release|Any CPU.Build.0 = Release|Any CPU
		{510A0A56-2D15-49B8-9932-BA232DC1F231}.Release|x86.ActiveCfg = Release|Any CPU
		{510A0A56-2D15-49B8-9932-BA232DC1F231}.Release|x86.Build.0 = Release|Any CPU
		{F4D08C87-B8C2-481F-9728-CE0D342EC2CE}.Debug|Any CPU.ActiveCfg = Debug|Any CPU
		{F4D08C87-B8C2-481F-9728-CE0D342EC2CE}.Debug|Any CPU.Build.0 = Debug|Any CPU
		{F4D08C87-B8C2-481F-9728-CE0D342EC2CE}.Debug|x86.ActiveCfg = Debug|Any CPU
		{F4D08C87-B8C2-481F-9728-CE0D342EC2CE}.Debug|x86.Build.0 = Debug|Any CPU
		{F4D08C87-B8C2-481F-9728-CE0D342EC2CE}.Release|Any CPU.ActiveCfg = Release|Any CPU
		{F4D08C87-B8C2-481F-9728-CE0D342EC2CE}.Release|Any CPU.Build.0 = Release|Any CPU
		{F4D08C87-B8C2-481F-9728-CE0D342EC2CE}.Release|x86.ActiveCfg = Release|Any CPU
		{F4D08C87-B8C2-481F-9728-CE0D342EC2CE}.Release|x86.Build.0 = Release|Any CPU
		{4BF8EC3F-EB0C-4FC7-B2F5-458E91F63E96}.Debug|Any CPU.ActiveCfg = Debug|Any CPU
		{4BF8EC3F-EB0C-4FC7-B2F5-458E91F63E96}.Debug|Any CPU.Build.0 = Debug|Any CPU
		{4BF8EC3F-EB0C-4FC7-B2F5-458E91F63E96}.Debug|x86.ActiveCfg = Debug|Any CPU
		{4BF8EC3F-EB0C-4FC7-B2F5-458E91F63E96}.Debug|x86.Build.0 = Debug|Any CPU
		{4BF8EC3F-EB0C-4FC7-B2F5-458E91F63E96}.Release|Any CPU.ActiveCfg = Release|Any CPU
		{4BF8EC3F-EB0C-4FC7-B2F5-458E91F63E96}.Release|Any CPU.Build.0 = Release|Any CPU
		{4BF8EC3F-EB0C-4FC7-B2F5-458E91F63E96}.Release|x86.ActiveCfg = Release|Any CPU
		{4BF8EC3F-EB0C-4FC7-B2F5-458E91F63E96}.Release|x86.Build.0 = Release|Any CPU
		{AE64BD07-9B27-4E16-9767-DD7894F70806}.Debug|Any CPU.ActiveCfg = Debug|Any CPU
		{AE64BD07-9B27-4E16-9767-DD7894F70806}.Debug|Any CPU.Build.0 = Debug|Any CPU
		{AE64BD07-9B27-4E16-9767-DD7894F70806}.Debug|x86.ActiveCfg = Debug|Any CPU
		{AE64BD07-9B27-4E16-9767-DD7894F70806}.Debug|x86.Build.0 = Debug|Any CPU
		{AE64BD07-9B27-4E16-9767-DD7894F70806}.Release|Any CPU.ActiveCfg = Release|Any CPU
		{AE64BD07-9B27-4E16-9767-DD7894F70806}.Release|Any CPU.Build.0 = Release|Any CPU
		{AE64BD07-9B27-4E16-9767-DD7894F70806}.Release|x86.ActiveCfg = Release|Any CPU
		{AE64BD07-9B27-4E16-9767-DD7894F70806}.Release|x86.Build.0 = Release|Any CPU
		{480FFA2E-7673-4A3E-994A-DC401B812D95}.Debug|Any CPU.ActiveCfg = Debug|Any CPU
		{480FFA2E-7673-4A3E-994A-DC401B812D95}.Debug|Any CPU.Build.0 = Debug|Any CPU
		{480FFA2E-7673-4A3E-994A-DC401B812D95}.Debug|x86.ActiveCfg = Debug|Any CPU
		{480FFA2E-7673-4A3E-994A-DC401B812D95}.Debug|x86.Build.0 = Debug|Any CPU
		{480FFA2E-7673-4A3E-994A-DC401B812D95}.Release|Any CPU.ActiveCfg = Release|Any CPU
		{480FFA2E-7673-4A3E-994A-DC401B812D95}.Release|Any CPU.Build.0 = Release|Any CPU
		{480FFA2E-7673-4A3E-994A-DC401B812D95}.Release|x86.ActiveCfg = Release|Any CPU
		{480FFA2E-7673-4A3E-994A-DC401B812D95}.Release|x86.Build.0 = Release|Any CPU
		{1F1220E9-0CBD-4776-A9FA-31941CE63FA0}.Debug|Any CPU.ActiveCfg = Debug|Any CPU
		{1F1220E9-0CBD-4776-A9FA-31941CE63FA0}.Debug|Any CPU.Build.0 = Debug|Any CPU
		{1F1220E9-0CBD-4776-A9FA-31941CE63FA0}.Debug|x86.ActiveCfg = Debug|Any CPU
		{1F1220E9-0CBD-4776-A9FA-31941CE63FA0}.Debug|x86.Build.0 = Debug|Any CPU
		{1F1220E9-0CBD-4776-A9FA-31941CE63FA0}.Release|Any CPU.ActiveCfg = Release|Any CPU
		{1F1220E9-0CBD-4776-A9FA-31941CE63FA0}.Release|Any CPU.Build.0 = Release|Any CPU
		{1F1220E9-0CBD-4776-A9FA-31941CE63FA0}.Release|x86.ActiveCfg = Release|Any CPU
		{1F1220E9-0CBD-4776-A9FA-31941CE63FA0}.Release|x86.Build.0 = Release|Any CPU
		{F648211E-4AFE-44B3-8A5E-B89D57CF34A7}.Debug|Any CPU.ActiveCfg = Debug|Any CPU
		{F648211E-4AFE-44B3-8A5E-B89D57CF34A7}.Debug|Any CPU.Build.0 = Debug|Any CPU
		{F648211E-4AFE-44B3-8A5E-B89D57CF34A7}.Debug|x86.ActiveCfg = Debug|Any CPU
		{F648211E-4AFE-44B3-8A5E-B89D57CF34A7}.Debug|x86.Build.0 = Debug|Any CPU
		{F648211E-4AFE-44B3-8A5E-B89D57CF34A7}.Release|Any CPU.ActiveCfg = Release|Any CPU
		{F648211E-4AFE-44B3-8A5E-B89D57CF34A7}.Release|Any CPU.Build.0 = Release|Any CPU
		{F648211E-4AFE-44B3-8A5E-B89D57CF34A7}.Release|x86.ActiveCfg = Release|Any CPU
		{F648211E-4AFE-44B3-8A5E-B89D57CF34A7}.Release|x86.Build.0 = Release|Any CPU
		{0A8D7289-BF9D-4110-B512-7DD528DC7EDE}.Debug|Any CPU.ActiveCfg = Debug|Any CPU
		{0A8D7289-BF9D-4110-B512-7DD528DC7EDE}.Debug|x86.ActiveCfg = Debug|Any CPU
		{0A8D7289-BF9D-4110-B512-7DD528DC7EDE}.Debug|x86.Build.0 = Debug|Any CPU
		{0A8D7289-BF9D-4110-B512-7DD528DC7EDE}.Release|Any CPU.ActiveCfg = Release|Any CPU
		{0A8D7289-BF9D-4110-B512-7DD528DC7EDE}.Release|x86.ActiveCfg = Release|Any CPU
		{0A8D7289-BF9D-4110-B512-7DD528DC7EDE}.Release|x86.Build.0 = Release|Any CPU
		{651ACC28-7A4C-41DB-8BAB-16830D4713BD}.Debug|Any CPU.ActiveCfg = Debug|Any CPU
		{651ACC28-7A4C-41DB-8BAB-16830D4713BD}.Debug|Any CPU.Build.0 = Debug|Any CPU
		{651ACC28-7A4C-41DB-8BAB-16830D4713BD}.Debug|x86.ActiveCfg = Debug|Any CPU
		{651ACC28-7A4C-41DB-8BAB-16830D4713BD}.Debug|x86.Build.0 = Debug|Any CPU
		{651ACC28-7A4C-41DB-8BAB-16830D4713BD}.Release|Any CPU.ActiveCfg = Release|Any CPU
		{651ACC28-7A4C-41DB-8BAB-16830D4713BD}.Release|Any CPU.Build.0 = Release|Any CPU
		{651ACC28-7A4C-41DB-8BAB-16830D4713BD}.Release|x86.ActiveCfg = Release|Any CPU
		{651ACC28-7A4C-41DB-8BAB-16830D4713BD}.Release|x86.Build.0 = Release|Any CPU
		{65A73428-C608-4033-B1D6-C7B27508C103}.Debug|Any CPU.ActiveCfg = Debug|Any CPU
		{65A73428-C608-4033-B1D6-C7B27508C103}.Debug|Any CPU.Build.0 = Debug|Any CPU
		{65A73428-C608-4033-B1D6-C7B27508C103}.Debug|x86.ActiveCfg = Debug|Any CPU
		{65A73428-C608-4033-B1D6-C7B27508C103}.Debug|x86.Build.0 = Debug|Any CPU
		{65A73428-C608-4033-B1D6-C7B27508C103}.Release|Any CPU.ActiveCfg = Release|Any CPU
		{65A73428-C608-4033-B1D6-C7B27508C103}.Release|Any CPU.Build.0 = Release|Any CPU
		{65A73428-C608-4033-B1D6-C7B27508C103}.Release|x86.ActiveCfg = Release|Any CPU
		{65A73428-C608-4033-B1D6-C7B27508C103}.Release|x86.Build.0 = Release|Any CPU
		{42523CE4-D03C-4710-82DA-C84B447A1C79}.Debug|Any CPU.ActiveCfg = Debug|Any CPU
		{42523CE4-D03C-4710-82DA-C84B447A1C79}.Debug|Any CPU.Build.0 = Debug|Any CPU
		{42523CE4-D03C-4710-82DA-C84B447A1C79}.Debug|x86.ActiveCfg = Debug|Any CPU
		{42523CE4-D03C-4710-82DA-C84B447A1C79}.Debug|x86.Build.0 = Debug|Any CPU
		{42523CE4-D03C-4710-82DA-C84B447A1C79}.Release|Any CPU.ActiveCfg = Release|Any CPU
		{42523CE4-D03C-4710-82DA-C84B447A1C79}.Release|Any CPU.Build.0 = Release|Any CPU
		{42523CE4-D03C-4710-82DA-C84B447A1C79}.Release|x86.ActiveCfg = Release|Any CPU
		{42523CE4-D03C-4710-82DA-C84B447A1C79}.Release|x86.Build.0 = Release|Any CPU
	EndGlobalSection
	GlobalSection(SolutionProperties) = preSolution
		HideSolutionNode = FALSE
	EndGlobalSection
	GlobalSection(NestedProjects) = preSolution
		{FF9011A6-FD08-45B5-AB3E-195C9C804AF8} = {8E4312B0-3AE8-42CB-A2ED-CB8E39B39CD4}
		{77E7922A-306F-45E5-B572-FCDB9BA99374} = {8E4312B0-3AE8-42CB-A2ED-CB8E39B39CD4}
		{1208647D-C8C2-48DB-BF29-60C6F3E2B016} = {8E4312B0-3AE8-42CB-A2ED-CB8E39B39CD4}
		{0D05225C-C127-40DA-9D80-F1BA481B7616} = {8E4312B0-3AE8-42CB-A2ED-CB8E39B39CD4}
		{8E4312B0-3AE8-42CB-A2ED-CB8E39B39CD4} = {0263B9CC-A5D0-433C-82D2-20AAD99BAE40}
		{3DDC5DF0-0321-41EA-B556-022CEE509815} = {0263B9CC-A5D0-433C-82D2-20AAD99BAE40}
		{F23F1C19-7F80-41CC-86F7-F720C6D3C43B} = {0263B9CC-A5D0-433C-82D2-20AAD99BAE40}
		{8268151B-2A54-4539-8CC2-85F0494AA04A} = {3DDC5DF0-0321-41EA-B556-022CEE509815}
		{66B47D3F-2308-4E0B-A1E7-57386711F1F5} = {3DDC5DF0-0321-41EA-B556-022CEE509815}
		{05AEF266-9A07-41B4-83C5-FC6632B27A0E} = {0263B9CC-A5D0-433C-82D2-20AAD99BAE40}
		{DB33F126-AECD-4E02-9F1F-1E4B08DC27C4} = {3DDC5DF0-0321-41EA-B556-022CEE509815}
		{74B7B353-BB3E-4EE1-9035-7357D5472D39} = {3DDC5DF0-0321-41EA-B556-022CEE509815}
		{7D13E2D1-D400-4A50-8AFA-147EAF5375C1} = {3DDC5DF0-0321-41EA-B556-022CEE509815}
		{510A0A56-2D15-49B8-9932-BA232DC1F231} = {F23F1C19-7F80-41CC-86F7-F720C6D3C43B}
		{F4D08C87-B8C2-481F-9728-CE0D342EC2CE} = {3DDC5DF0-0321-41EA-B556-022CEE509815}
		{4BF8EC3F-EB0C-4FC7-B2F5-458E91F63E96} = {F23F1C19-7F80-41CC-86F7-F720C6D3C43B}
		{AE64BD07-9B27-4E16-9767-DD7894F70806} = {F23F1C19-7F80-41CC-86F7-F720C6D3C43B}
		{480FFA2E-7673-4A3E-994A-DC401B812D95} = {F23F1C19-7F80-41CC-86F7-F720C6D3C43B}
		{1F1220E9-0CBD-4776-A9FA-31941CE63FA0} = {F23F1C19-7F80-41CC-86F7-F720C6D3C43B}
		{F648211E-4AFE-44B3-8A5E-B89D57CF34A7} = {F23F1C19-7F80-41CC-86F7-F720C6D3C43B}
		{0A8D7289-BF9D-4110-B512-7DD528DC7EDE} = {05AEF266-9A07-41B4-83C5-FC6632B27A0E}
		{651ACC28-7A4C-41DB-8BAB-16830D4713BD} = {F23F1C19-7F80-41CC-86F7-F720C6D3C43B}
		{65A73428-C608-4033-B1D6-C7B27508C103} = {F23F1C19-7F80-41CC-86F7-F720C6D3C43B}
		{42523CE4-D03C-4710-82DA-C84B447A1C79} = {8E4312B0-3AE8-42CB-A2ED-CB8E39B39CD4}
	EndGlobalSection
	GlobalSection(ExtensibilityGlobals) = postSolution
		SolutionGuid = {34648007-CC4C-4A8D-91A2-485820AFC9A9}
	EndGlobalSection
EndGlobal
